// !$*UTF8*$!
{
	archiveVersion = 1;
	classes = {
	};
	objectVersion = 52;
	objects = {

/* Begin PBXBuildFile section */
		6AC82016269B62EE00FA6BE0 /* PostsData.swift in Sources */ = {isa = PBXBuildFile; fileRef = 6AC82015269B62EE00FA6BE0 /* PostsData.swift */; };
		6AD4B20526BBB64800947D71 /* SafariView+View.swift in Sources */ = {isa = PBXBuildFile; fileRef = 6AD4B20426BBB64800947D71 /* SafariView+View.swift */; };
		6AD4B20826BBB66D00947D71 /* SafariView.swift in Sources */ = {isa = PBXBuildFile; fileRef = 6AD4B20726BBB66D00947D71 /* SafariView.swift */; };
		6AD4B20B26BBB69600947D71 /* SafariViewPresentationModifier.swift in Sources */ = {isa = PBXBuildFile; fileRef = 6AD4B20A26BBB69600947D71 /* SafariViewPresentationModifier.swift */; };
		6AD4B20E26BBB6BC00947D71 /* SafariViewPresenter.swift in Sources */ = {isa = PBXBuildFile; fileRef = 6AD4B20D26BBB6BC00947D71 /* SafariViewPresenter.swift */; };
		6ADFEC2E2637029B0040AF32 /* iOSPressDemoApp.swift in Sources */ = {isa = PBXBuildFile; fileRef = 6ADFEC2D2637029B0040AF32 /* iOSPressDemoApp.swift */; };
		6ADFEC302637029B0040AF32 /* ContentView.swift in Sources */ = {isa = PBXBuildFile; fileRef = 6ADFEC2F2637029B0040AF32 /* ContentView.swift */; };
		6ADFEC322637029F0040AF32 /* Assets.xcassets in Resources */ = {isa = PBXBuildFile; fileRef = 6ADFEC312637029F0040AF32 /* Assets.xcassets */; };
		6ADFEC352637029F0040AF32 /* Preview Assets.xcassets in Resources */ = {isa = PBXBuildFile; fileRef = 6ADFEC342637029F0040AF32 /* Preview Assets.xcassets */; };
		6ADFEC6B263706570040AF32 /* PostRowView.swift in Sources */ = {isa = PBXBuildFile; fileRef = 6ADFEC66263706570040AF32 /* PostRowView.swift */; };
		6ADFEC6C263706570040AF32 /* PostsListView.swift in Sources */ = {isa = PBXBuildFile; fileRef = 6ADFEC67263706570040AF32 /* PostsListView.swift */; };
		6ADFEC6D263706570040AF32 /* Post.swift in Sources */ = {isa = PBXBuildFile; fileRef = 6ADFEC68263706570040AF32 /* Post.swift */; };
		6ADFEC6F263706570040AF32 /* NetworkManager.swift in Sources */ = {isa = PBXBuildFile; fileRef = 6ADFEC6A263706570040AF32 /* NetworkManager.swift */; };
		6ADFEC73263706C10040AF32 /* SDWebImageSwiftUI in Frameworks */ = {isa = PBXBuildFile; productRef = 6ADFEC72263706C10040AF32 /* SDWebImageSwiftUI */; };
/* End PBXBuildFile section */

/* Begin PBXFileReference section */
		6AC82015269B62EE00FA6BE0 /* PostsData.swift */ = {isa = PBXFileReference; lastKnownFileType = sourcecode.swift; path = PostsData.swift; sourceTree = "<group>"; };
		6AD4B20426BBB64800947D71 /* SafariView+View.swift */ = {isa = PBXFileReference; lastKnownFileType = sourcecode.swift; path = "SafariView+View.swift"; sourceTree = "<group>"; };
		6AD4B20726BBB66D00947D71 /* SafariView.swift */ = {isa = PBXFileReference; lastKnownFileType = sourcecode.swift; path = SafariView.swift; sourceTree = "<group>"; };
		6AD4B20A26BBB69600947D71 /* SafariViewPresentationModifier.swift */ = {isa = PBXFileReference; lastKnownFileType = sourcecode.swift; path = SafariViewPresentationModifier.swift; sourceTree = "<group>"; };
		6AD4B20D26BBB6BC00947D71 /* SafariViewPresenter.swift */ = {isa = PBXFileReference; lastKnownFileType = sourcecode.swift; path = SafariViewPresenter.swift; sourceTree = "<group>"; };
		6ADFEC2A2637029B0040AF32 /* SwiftifyWordPressDemo.app */ = {isa = PBXFileReference; explicitFileType = wrapper.application; includeInIndex = 0; path = SwiftifyWordPressDemo.app; sourceTree = BUILT_PRODUCTS_DIR; };
		6ADFEC2D2637029B0040AF32 /* iOSPressDemoApp.swift */ = {isa = PBXFileReference; lastKnownFileType = sourcecode.swift; path = iOSPressDemoApp.swift; sourceTree = "<group>"; };
		6ADFEC2F2637029B0040AF32 /* ContentView.swift */ = {isa = PBXFileReference; lastKnownFileType = sourcecode.swift; path = ContentView.swift; sourceTree = "<group>"; };
		6ADFEC312637029F0040AF32 /* Assets.xcassets */ = {isa = PBXFileReference; lastKnownFileType = folder.assetcatalog; path = Assets.xcassets; sourceTree = "<group>"; };
		6ADFEC342637029F0040AF32 /* Preview Assets.xcassets */ = {isa = PBXFileReference; lastKnownFileType = folder.assetcatalog; path = "Preview Assets.xcassets"; sourceTree = "<group>"; };
		6ADFEC362637029F0040AF32 /* Info.plist */ = {isa = PBXFileReference; lastKnownFileType = text.plist.xml; path = Info.plist; sourceTree = "<group>"; };
		6ADFEC66263706570040AF32 /* PostRowView.swift */ = {isa = PBXFileReference; fileEncoding = 4; lastKnownFileType = sourcecode.swift; path = PostRowView.swift; sourceTree = "<group>"; };
		6ADFEC67263706570040AF32 /* PostsListView.swift */ = {isa = PBXFileReference; fileEncoding = 4; lastKnownFileType = sourcecode.swift; path = PostsListView.swift; sourceTree = "<group>"; };
		6ADFEC68263706570040AF32 /* Post.swift */ = {isa = PBXFileReference; fileEncoding = 4; lastKnownFileType = sourcecode.swift; path = Post.swift; sourceTree = "<group>"; };
		6ADFEC6A263706570040AF32 /* NetworkManager.swift */ = {isa = PBXFileReference; fileEncoding = 4; lastKnownFileType = sourcecode.swift; path = NetworkManager.swift; sourceTree = "<group>"; };
/* End PBXFileReference section */

/* Begin PBXFrameworksBuildPhase section */
		6ADFEC272637029B0040AF32 /* Frameworks */ = {
			isa = PBXFrameworksBuildPhase;
			buildActionMask = 2147483647;
			files = (
				6ADFEC73263706C10040AF32 /* SDWebImageSwiftUI in Frameworks */,
			);
			runOnlyForDeploymentPostprocessing = 0;
		};
/* End PBXFrameworksBuildPhase section */

/* Begin PBXGroup section */
		6A070CBC263D27D500D8063B /* WebView */ = {
			isa = PBXGroup;
			children = (
				6AD4B20426BBB64800947D71 /* SafariView+View.swift */,
				6AD4B20726BBB66D00947D71 /* SafariView.swift */,
				6AD4B20A26BBB69600947D71 /* SafariViewPresentationModifier.swift */,
				6AD4B20D26BBB6BC00947D71 /* SafariViewPresenter.swift */,
			);
			path = WebView;
			sourceTree = "<group>";
		};
		6A070CC5263D2EAB00D8063B /* Views */ = {
			isa = PBXGroup;
			children = (
				6A070CBC263D27D500D8063B /* WebView */,
				6ADFEC66263706570040AF32 /* PostRowView.swift */,
				6ADFEC67263706570040AF32 /* PostsListView.swift */,
			);
			path = Views;
			sourceTree = "<group>";
		};
		6ADFEC212637029B0040AF32 = {
			isa = PBXGroup;
			children = (
				6ADFEC2C2637029B0040AF32 /* SwififyWordPressDemo */,
				6ADFEC2B2637029B0040AF32 /* Products */,
			);
			sourceTree = "<group>";
		};
		6ADFEC2B2637029B0040AF32 /* Products */ = {
			isa = PBXGroup;
			children = (
				6ADFEC2A2637029B0040AF32 /* SwiftifyWordPressDemo.app */,
			);
			name = Products;
			sourceTree = "<group>";
		};
		6ADFEC2C2637029B0040AF32 /* SwififyWordPressDemo */ = {
			isa = PBXGroup;
			children = (
				6A070CC5263D2EAB00D8063B /* Views */,
				6ADFEC6A263706570040AF32 /* NetworkManager.swift */,
				6ADFEC68263706570040AF32 /* Post.swift */,
				6ADFEC2D2637029B0040AF32 /* iOSPressDemoApp.swift */,
				6ADFEC2F2637029B0040AF32 /* ContentView.swift */,
				6AC82015269B62EE00FA6BE0 /* PostsData.swift */,
				6ADFEC312637029F0040AF32 /* Assets.xcassets */,
				6ADFEC362637029F0040AF32 /* Info.plist */,
				6ADFEC332637029F0040AF32 /* Preview Content */,
			);
			path = SwififyWordPressDemo;
			sourceTree = "<group>";
		};
		6ADFEC332637029F0040AF32 /* Preview Content */ = {
			isa = PBXGroup;
			children = (
				6ADFEC342637029F0040AF32 /* Preview Assets.xcassets */,
			);
			path = "Preview Content";
			sourceTree = "<group>";
		};
/* End PBXGroup section */

/* Begin PBXNativeTarget section */
		6ADFEC292637029B0040AF32 /* SwiftifyWordPressDemo */ = {
			isa = PBXNativeTarget;
			buildConfigurationList = 6ADFEC392637029F0040AF32 /* Build configuration list for PBXNativeTarget "SwiftifyWordPressDemo" */;
			buildPhases = (
				6ADFEC262637029B0040AF32 /* Sources */,
				6ADFEC272637029B0040AF32 /* Frameworks */,
				6ADFEC282637029B0040AF32 /* Resources */,
			);
			buildRules = (
			);
			dependencies = (
			);
			name = SwiftifyWordPressDemo;
			packageProductDependencies = (
				6ADFEC72263706C10040AF32 /* SDWebImageSwiftUI */,
			);
			productName = iOSPressDemo;
			productReference = 6ADFEC2A2637029B0040AF32 /* SwiftifyWordPressDemo.app */;
			productType = "com.apple.product-type.application";
		};
/* End PBXNativeTarget section */

/* Begin PBXProject section */
		6ADFEC222637029B0040AF32 /* Project object */ = {
			isa = PBXProject;
			attributes = {
				LastSwiftUpdateCheck = 1230;
				LastUpgradeCheck = 1230;
				TargetAttributes = {
					6ADFEC292637029B0040AF32 = {
						CreatedOnToolsVersion = 12.3;
					};
				};
			};
			buildConfigurationList = 6ADFEC252637029B0040AF32 /* Build configuration list for PBXProject "SwiftifyWordPressDemo" */;
			compatibilityVersion = "Xcode 9.3";
			developmentRegion = en;
			hasScannedForEncodings = 0;
			knownRegions = (
				en,
				Base,
			);
			mainGroup = 6ADFEC212637029B0040AF32;
			packageReferences = (
				6ADFEC71263706C10040AF32 /* XCRemoteSwiftPackageReference "SDWebImageSwiftUI" */,
			);
			productRefGroup = 6ADFEC2B2637029B0040AF32 /* Products */;
			projectDirPath = "";
			projectRoot = "";
			targets = (
				6ADFEC292637029B0040AF32 /* SwiftifyWordPressDemo */,
			);
		};
/* End PBXProject section */

/* Begin PBXResourcesBuildPhase section */
		6ADFEC282637029B0040AF32 /* Resources */ = {
			isa = PBXResourcesBuildPhase;
			buildActionMask = 2147483647;
			files = (
				6ADFEC352637029F0040AF32 /* Preview Assets.xcassets in Resources */,
				6ADFEC322637029F0040AF32 /* Assets.xcassets in Resources */,
			);
			runOnlyForDeploymentPostprocessing = 0;
		};
/* End PBXResourcesBuildPhase section */

/* Begin PBXSourcesBuildPhase section */
		6ADFEC262637029B0040AF32 /* Sources */ = {
			isa = PBXSourcesBuildPhase;
			buildActionMask = 2147483647;
			files = (
				6AD4B20826BBB66D00947D71 /* SafariView.swift in Sources */,
				6AD4B20B26BBB69600947D71 /* SafariViewPresentationModifier.swift in Sources */,
				6ADFEC6B263706570040AF32 /* PostRowView.swift in Sources */,
				6ADFEC302637029B0040AF32 /* ContentView.swift in Sources */,
				6ADFEC6C263706570040AF32 /* PostsListView.swift in Sources */,
				6AD4B20E26BBB6BC00947D71 /* SafariViewPresenter.swift in Sources */,
				6AD4B20526BBB64800947D71 /* SafariView+View.swift in Sources */,
				6AC82016269B62EE00FA6BE0 /* PostsData.swift in Sources */,
				6ADFEC6F263706570040AF32 /* NetworkManager.swift in Sources */,
				6ADFEC2E2637029B0040AF32 /* iOSPressDemoApp.swift in Sources */,
				6ADFEC6D263706570040AF32 /* Post.swift in Sources */,
			);
			runOnlyForDeploymentPostprocessing = 0;
		};
/* End PBXSourcesBuildPhase section */

/* Begin XCBuildConfiguration section */
		6ADFEC372637029F0040AF32 /* Debug */ = {
			isa = XCBuildConfiguration;
			buildSettings = {
				ALWAYS_SEARCH_USER_PATHS = NO;
				CLANG_ANALYZER_NONNULL = YES;
				CLANG_ANALYZER_NUMBER_OBJECT_CONVERSION = YES_AGGRESSIVE;
				CLANG_CXX_LANGUAGE_STANDARD = "gnu++14";
				CLANG_CXX_LIBRARY = "libc++";
				CLANG_ENABLE_MODULES = YES;
				CLANG_ENABLE_OBJC_ARC = YES;
				CLANG_ENABLE_OBJC_WEAK = YES;
				CLANG_WARN_BLOCK_CAPTURE_AUTORELEASING = YES;
				CLANG_WARN_BOOL_CONVERSION = YES;
				CLANG_WARN_COMMA = YES;
				CLANG_WARN_CONSTANT_CONVERSION = YES;
				CLANG_WARN_DEPRECATED_OBJC_IMPLEMENTATIONS = YES;
				CLANG_WARN_DIRECT_OBJC_ISA_USAGE = YES_ERROR;
				CLANG_WARN_DOCUMENTATION_COMMENTS = YES;
				CLANG_WARN_EMPTY_BODY = YES;
				CLANG_WARN_ENUM_CONVERSION = YES;
				CLANG_WARN_INFINITE_RECURSION = YES;
				CLANG_WARN_INT_CONVERSION = YES;
				CLANG_WARN_NON_LITERAL_NULL_CONVERSION = YES;
				CLANG_WARN_OBJC_IMPLICIT_RETAIN_SELF = YES;
				CLANG_WARN_OBJC_LITERAL_CONVERSION = YES;
				CLANG_WARN_OBJC_ROOT_CLASS = YES_ERROR;
				CLANG_WARN_QUOTED_INCLUDE_IN_FRAMEWORK_HEADER = YES;
				CLANG_WARN_RANGE_LOOP_ANALYSIS = YES;
				CLANG_WARN_STRICT_PROTOTYPES = YES;
				CLANG_WARN_SUSPICIOUS_MOVE = YES;
				CLANG_WARN_UNGUARDED_AVAILABILITY = YES_AGGRESSIVE;
				CLANG_WARN_UNREACHABLE_CODE = YES;
				CLANG_WARN__DUPLICATE_METHOD_MATCH = YES;
				COPY_PHASE_STRIP = NO;
				DEBUG_INFORMATION_FORMAT = dwarf;
				ENABLE_STRICT_OBJC_MSGSEND = YES;
				ENABLE_TESTABILITY = YES;
				GCC_C_LANGUAGE_STANDARD = gnu11;
				GCC_DYNAMIC_NO_PIC = NO;
				GCC_NO_COMMON_BLOCKS = YES;
				GCC_OPTIMIZATION_LEVEL = 0;
				GCC_PREPROCESSOR_DEFINITIONS = (
					"DEBUG=1",
					"$(inherited)",
				);
				GCC_WARN_64_TO_32_BIT_CONVERSION = YES;
				GCC_WARN_ABOUT_RETURN_TYPE = YES_ERROR;
				GCC_WARN_UNDECLARED_SELECTOR = YES;
				GCC_WARN_UNINITIALIZED_AUTOS = YES_AGGRESSIVE;
				GCC_WARN_UNUSED_FUNCTION = YES;
				GCC_WARN_UNUSED_VARIABLE = YES;
				IPHONEOS_DEPLOYMENT_TARGET = 14.3;
				MTL_ENABLE_DEBUG_INFO = INCLUDE_SOURCE;
				MTL_FAST_MATH = YES;
				ONLY_ACTIVE_ARCH = YES;
				SDKROOT = iphoneos;
				SWIFT_ACTIVE_COMPILATION_CONDITIONS = DEBUG;
				SWIFT_OPTIMIZATION_LEVEL = "-Onone";
			};
			name = Debug;
		};
		6ADFEC382637029F0040AF32 /* Release */ = {
			isa = XCBuildConfiguration;
			buildSettings = {
				ALWAYS_SEARCH_USER_PATHS = NO;
				CLANG_ANALYZER_NONNULL = YES;
				CLANG_ANALYZER_NUMBER_OBJECT_CONVERSION = YES_AGGRESSIVE;
				CLANG_CXX_LANGUAGE_STANDARD = "gnu++14";
				CLANG_CXX_LIBRARY = "libc++";
				CLANG_ENABLE_MODULES = YES;
				CLANG_ENABLE_OBJC_ARC = YES;
				CLANG_ENABLE_OBJC_WEAK = YES;
				CLANG_WARN_BLOCK_CAPTURE_AUTORELEASING = YES;
				CLANG_WARN_BOOL_CONVERSION = YES;
				CLANG_WARN_COMMA = YES;
				CLANG_WARN_CONSTANT_CONVERSION = YES;
				CLANG_WARN_DEPRECATED_OBJC_IMPLEMENTATIONS = YES;
				CLANG_WARN_DIRECT_OBJC_ISA_USAGE = YES_ERROR;
				CLANG_WARN_DOCUMENTATION_COMMENTS = YES;
				CLANG_WARN_EMPTY_BODY = YES;
				CLANG_WARN_ENUM_CONVERSION = YES;
				CLANG_WARN_INFINITE_RECURSION = YES;
				CLANG_WARN_INT_CONVERSION = YES;
				CLANG_WARN_NON_LITERAL_NULL_CONVERSION = YES;
				CLANG_WARN_OBJC_IMPLICIT_RETAIN_SELF = YES;
				CLANG_WARN_OBJC_LITERAL_CONVERSION = YES;
				CLANG_WARN_OBJC_ROOT_CLASS = YES_ERROR;
				CLANG_WARN_QUOTED_INCLUDE_IN_FRAMEWORK_HEADER = YES;
				CLANG_WARN_RANGE_LOOP_ANALYSIS = YES;
				CLANG_WARN_STRICT_PROTOTYPES = YES;
				CLANG_WARN_SUSPICIOUS_MOVE = YES;
				CLANG_WARN_UNGUARDED_AVAILABILITY = YES_AGGRESSIVE;
				CLANG_WARN_UNREACHABLE_CODE = YES;
				CLANG_WARN__DUPLICATE_METHOD_MATCH = YES;
				COPY_PHASE_STRIP = NO;
				DEBUG_INFORMATION_FORMAT = "dwarf-with-dsym";
				ENABLE_NS_ASSERTIONS = NO;
				ENABLE_STRICT_OBJC_MSGSEND = YES;
				GCC_C_LANGUAGE_STANDARD = gnu11;
				GCC_NO_COMMON_BLOCKS = YES;
				GCC_WARN_64_TO_32_BIT_CONVERSION = YES;
				GCC_WARN_ABOUT_RETURN_TYPE = YES_ERROR;
				GCC_WARN_UNDECLARED_SELECTOR = YES;
				GCC_WARN_UNINITIALIZED_AUTOS = YES_AGGRESSIVE;
				GCC_WARN_UNUSED_FUNCTION = YES;
				GCC_WARN_UNUSED_VARIABLE = YES;
				IPHONEOS_DEPLOYMENT_TARGET = 14.3;
				MTL_ENABLE_DEBUG_INFO = NO;
				MTL_FAST_MATH = YES;
				SDKROOT = iphoneos;
				SWIFT_COMPILATION_MODE = wholemodule;
				SWIFT_OPTIMIZATION_LEVEL = "-O";
				VALIDATE_PRODUCT = YES;
			};
			name = Release;
		};
		6ADFEC3A2637029F0040AF32 /* Debug */ = {
			isa = XCBuildConfiguration;
			buildSettings = {
				ASSETCATALOG_COMPILER_APPICON_NAME = AppIcon;
				ASSETCATALOG_COMPILER_GLOBAL_ACCENT_COLOR_NAME = AccentColor;
				CODE_SIGN_STYLE = Automatic;
				DEVELOPMENT_ASSET_PATHS = "\"iOSPressDemo/Preview Content\"";
				DEVELOPMENT_TEAM = BEX3C2WCP7;
				ENABLE_PREVIEWS = YES;
				INFOPLIST_FILE = iOSPressDemo/Info.plist;
				IPHONEOS_DEPLOYMENT_TARGET = 14.0;
				LD_RUNPATH_SEARCH_PATHS = (
					"$(inherited)",
					"@executable_path/Frameworks",
				);
				PRODUCT_BUNDLE_IDENTIFIER = com.arcadestudios.iOSPressDemo;
				PRODUCT_NAME = "$(TARGET_NAME)";
				SWIFT_VERSION = 5.0;
				TARGETED_DEVICE_FAMILY = "1,2";
			};
			name = Debug;
		};
		6ADFEC3B2637029F0040AF32 /* Release */ = {
			isa = XCBuildConfiguration;
			buildSettings = {
				ASSETCATALOG_COMPILER_APPICON_NAME = AppIcon;
				ASSETCATALOG_COMPILER_GLOBAL_ACCENT_COLOR_NAME = AccentColor;
				CODE_SIGN_STYLE = Automatic;
				DEVELOPMENT_ASSET_PATHS = "\"iOSPressDemo/Preview Content\"";
				DEVELOPMENT_TEAM = BEX3C2WCP7;
				ENABLE_PREVIEWS = YES;
				INFOPLIST_FILE = iOSPressDemo/Info.plist;
				IPHONEOS_DEPLOYMENT_TARGET = 14.0;
				LD_RUNPATH_SEARCH_PATHS = (
					"$(inherited)",
					"@executable_path/Frameworks",
				);
				PRODUCT_BUNDLE_IDENTIFIER = com.arcadestudios.iOSPressDemo;
				PRODUCT_NAME = "$(TARGET_NAME)";
				SWIFT_VERSION = 5.0;
				TARGETED_DEVICE_FAMILY = "1,2";
			};
			name = Release;
		};
/* End XCBuildConfiguration section */

/* Begin XCConfigurationList section */
		6ADFEC252637029B0040AF32 /* Build configuration list for PBXProject "SwiftifyWordPressDemo" */ = {
			isa = XCConfigurationList;
			buildConfigurations = (
				6ADFEC372637029F0040AF32 /* Debug */,
				6ADFEC382637029F0040AF32 /* Release */,
			);
			defaultConfigurationIsVisible = 0;
			defaultConfigurationName = Release;
		};
		6ADFEC392637029F0040AF32 /* Build configuration list for PBXNativeTarget "SwiftifyWordPressDemo" */ = {
			isa = XCConfigurationList;
			buildConfigurations = (
				6ADFEC3A2637029F0040AF32 /* Debug */,
				6ADFEC3B2637029F0040AF32 /* Release */,
			);
			defaultConfigurationIsVisible = 0;
			defaultConfigurationName = Release;
		};
/* End XCConfigurationList section */

/* Begin XCRemoteSwiftPackageReference section */
		6ADFEC71263706C10040AF32 /* XCRemoteSwiftPackageReference "SDWebImageSwiftUI" */ = {
			isa = XCRemoteSwiftPackageReference;
			repositoryURL = "https://github.com/SDWebImage/SDWebImageSwiftUI";
			requirement = {
				kind = upToNextMajorVersion;
				minimumVersion = 2.0.2;
			};
		};
/* End XCRemoteSwiftPackageReference section */

/* Begin XCSwiftPackageProductDependency section */
		6ADFEC72263706C10040AF32 /* SDWebImageSwiftUI */ = {
			isa = XCSwiftPackageProductDependency;
			package = 6ADFEC71263706C10040AF32 /* XCRemoteSwiftPackageReference "SDWebImageSwiftUI" */;
			productName = SDWebImageSwiftUI;
		};
/* End XCSwiftPackageProductDependency section */
	};
	rootObject = 6ADFEC222637029B0040AF32 /* Project object */;
}
