// !$*UTF8*$!
{
	archiveVersion = 1;
	classes = {
	};
	objectVersion = 52;
	objects = {

/* Begin PBXBuildFile section */
		371A51F627BFA9220066319C /* iOSPress in Frameworks */ = {isa = PBXBuildFile; productRef = 371A51F527BFA9220066319C /* iOSPress */; };
		6AE2C05B26C053F900E7B8AB /* SwiftifyWordPressDemoApp.swift in Sources */ = {isa = PBXBuildFile; fileRef = 6AE2C05A26C053F900E7B8AB /* SwiftifyWordPressDemoApp.swift */; };
		6AE2C05D26C053F900E7B8AB /* ContentView.swift in Sources */ = {isa = PBXBuildFile; fileRef = 6AE2C05C26C053F900E7B8AB /* ContentView.swift */; };
		6AE2C05F26C053FA00E7B8AB /* Assets.xcassets in Resources */ = {isa = PBXBuildFile; fileRef = 6AE2C05E26C053FA00E7B8AB /* Assets.xcassets */; };
		6AE2C06226C053FA00E7B8AB /* Preview Assets.xcassets in Resources */ = {isa = PBXBuildFile; fileRef = 6AE2C06126C053FA00E7B8AB /* Preview Assets.xcassets */; };
/* End PBXBuildFile section */

/* Begin PBXFileReference section */
		371A51EE27BFA83C0066319C /* SwiftifyWordpress */ = {isa = PBXFileReference; lastKnownFileType = folder; name = SwiftifyWordpress; path = ../..; sourceTree = "<group>"; };
		371A51F227BFA86D0066319C /* SwiftifyWordpress */ = {isa = PBXFileReference; lastKnownFileType = folder; name = SwiftifyWordpress; path = ../..; sourceTree = "<group>"; };
		6AE2C05726C053F900E7B8AB /* SwiftifyWordPressDemo.app */ = {isa = PBXFileReference; explicitFileType = wrapper.application; includeInIndex = 0; path = SwiftifyWordPressDemo.app; sourceTree = BUILT_PRODUCTS_DIR; };
		6AE2C05A26C053F900E7B8AB /* SwiftifyWordPressDemoApp.swift */ = {isa = PBXFileReference; lastKnownFileType = sourcecode.swift; path = SwiftifyWordPressDemoApp.swift; sourceTree = "<group>"; };
		6AE2C05C26C053F900E7B8AB /* ContentView.swift */ = {isa = PBXFileReference; lastKnownFileType = sourcecode.swift; path = ContentView.swift; sourceTree = "<group>"; };
		6AE2C05E26C053FA00E7B8AB /* Assets.xcassets */ = {isa = PBXFileReference; lastKnownFileType = folder.assetcatalog; path = Assets.xcassets; sourceTree = "<group>"; };
		6AE2C06126C053FA00E7B8AB /* Preview Assets.xcassets */ = {isa = PBXFileReference; lastKnownFileType = folder.assetcatalog; path = "Preview Assets.xcassets"; sourceTree = "<group>"; };
		6AE2C06326C053FA00E7B8AB /* Info.plist */ = {isa = PBXFileReference; lastKnownFileType = text.plist.xml; path = Info.plist; sourceTree = "<group>"; };
/* End PBXFileReference section */

/* Begin PBXFrameworksBuildPhase section */
		6AE2C05426C053F900E7B8AB /* Frameworks */ = {
			isa = PBXFrameworksBuildPhase;
			buildActionMask = 2147483647;
			files = (
				371A51F627BFA9220066319C /* iOSPress in Frameworks */,
			);
			runOnlyForDeploymentPostprocessing = 0;
		};
/* End PBXFrameworksBuildPhase section */

/* Begin PBXGroup section */
		371A51ED27BFA83C0066319C /* Packages */ = {
			isa = PBXGroup;
			children = (
				371A51EE27BFA83C0066319C /* SwiftifyWordpress */,
				371A51F227BFA86D0066319C /* SwiftifyWordpress */,
			);
			name = Packages;
			sourceTree = "<group>";
		};
		371A51F427BFA9220066319C /* Frameworks */ = {
			isa = PBXGroup;
			children = (
			);
			name = Frameworks;
			sourceTree = "<group>";
		};
		6AE2C04E26C053F900E7B8AB = {
			isa = PBXGroup;
			children = (
				371A51ED27BFA83C0066319C /* Packages */,
				6AE2C05926C053F900E7B8AB /* SwiftifyWordPressDemo */,
				6AE2C05826C053F900E7B8AB /* Products */,
				371A51F427BFA9220066319C /* Frameworks */,
			);
			sourceTree = "<group>";
		};
		6AE2C05826C053F900E7B8AB /* Products */ = {
			isa = PBXGroup;
			children = (
				6AE2C05726C053F900E7B8AB /* SwiftifyWordPressDemo.app */,
			);
			name = Products;
			sourceTree = "<group>";
		};
		6AE2C05926C053F900E7B8AB /* SwiftifyWordPressDemo */ = {
			isa = PBXGroup;
			children = (
				6AE2C05A26C053F900E7B8AB /* SwiftifyWordPressDemoApp.swift */,
				6AE2C05C26C053F900E7B8AB /* ContentView.swift */,
				6AE2C05E26C053FA00E7B8AB /* Assets.xcassets */,
				6AE2C06326C053FA00E7B8AB /* Info.plist */,
				6AE2C06026C053FA00E7B8AB /* Preview Content */,
			);
			path = SwiftifyWordPressDemo;
			sourceTree = "<group>";
		};
		6AE2C06026C053FA00E7B8AB /* Preview Content */ = {
			isa = PBXGroup;
			children = (
				6AE2C06126C053FA00E7B8AB /* Preview Assets.xcassets */,
			);
			path = "Preview Content";
			sourceTree = "<group>";
		};
/* End PBXGroup section */

/* Begin PBXNativeTarget section */
		6AE2C05626C053F900E7B8AB /* SwiftifyWordPressDemo */ = {
			isa = PBXNativeTarget;
			buildConfigurationList = 6AE2C06626C053FA00E7B8AB /* Build configuration list for PBXNativeTarget "SwiftifyWordPressDemo" */;
			buildPhases = (
				6AE2C05326C053F900E7B8AB /* Sources */,
				6AE2C05426C053F900E7B8AB /* Frameworks */,
				6AE2C05526C053F900E7B8AB /* Resources */,
			);
			buildRules = (
			);
			dependencies = (
			);
			name = SwiftifyWordPressDemo;
			packageProductDependencies = (
				371A51F527BFA9220066319C /* iOSPress */,
			);
			productName = SwiftifyWordPressDemo;
			productReference = 6AE2C05726C053F900E7B8AB /* SwiftifyWordPressDemo.app */;
			productType = "com.apple.product-type.application";
		};
/* End PBXNativeTarget section */

/* Begin PBXProject section */
		6AE2C04F26C053F900E7B8AB /* Project object */ = {
			isa = PBXProject;
			attributes = {
				LastSwiftUpdateCheck = 1230;
				LastUpgradeCheck = 1230;
				TargetAttributes = {
					6AE2C05626C053F900E7B8AB = {
						CreatedOnToolsVersion = 12.3;
					};
				};
			};
			buildConfigurationList = 6AE2C05226C053F900E7B8AB /* Build configuration list for PBXProject "SwiftifyWordPressDemo" */;
			compatibilityVersion = "Xcode 9.3";
			developmentRegion = en;
			hasScannedForEncodings = 0;
			knownRegions = (
				en,
				Base,
			);
			mainGroup = 6AE2C04E26C053F900E7B8AB;
			packageReferences = (
			);
			productRefGroup = 6AE2C05826C053F900E7B8AB /* Products */;
			projectDirPath = "";
			projectRoot = "";
			targets = (
				6AE2C05626C053F900E7B8AB /* SwiftifyWordPressDemo */,
			);
		};
/* End PBXProject section */

/* Begin PBXResourcesBuildPhase section */
		6AE2C05526C053F900E7B8AB /* Resources */ = {
			isa = PBXResourcesBuildPhase;
			buildActionMask = 2147483647;
			files = (
				6AE2C06226C053FA00E7B8AB /* Preview Assets.xcassets in Resources */,
				6AE2C05F26C053FA00E7B8AB /* Assets.xcassets in Resources */,
			);
			runOnlyForDeploymentPostprocessing = 0;
		};
/* End PBXResourcesBuildPhase section */

/* Begin PBXSourcesBuildPhase section */
		6AE2C05326C053F900E7B8AB /* Sources */ = {
			isa = PBXSourcesBuildPhase;
			buildActionMask = 2147483647;
			files = (
				6AE2C05D26C053F900E7B8AB /* ContentView.swift in Sources */,
				6AE2C05B26C053F900E7B8AB /* SwiftifyWordPressDemoApp.swift in Sources */,
			);
			runOnlyForDeploymentPostprocessing = 0;
		};
/* End PBXSourcesBuildPhase section */

/* Begin XCBuildConfiguration section */
		6AE2C06426C053FA00E7B8AB /* Debug */ = {
			isa = XCBuildConfiguration;
			buildSettings = {
				ALWAYS_SEARCH_USER_PATHS = NO;
				CLANG_ANALYZER_NONNULL = YES;
				CLANG_ANALYZER_NUMBER_OBJECT_CONVERSION = YES_AGGRESSIVE;
				CLANG_CXX_LANGUAGE_STANDARD = "gnu++14";
				CLANG_CXX_LIBRARY = "libc++";
				CLANG_ENABLE_MODULES = YES;
				CLANG_ENABLE_OBJC_ARC = YES;
				CLANG_ENABLE_OBJC_WEAK = YES;
				CLANG_WARN_BLOCK_CAPTURE_AUTORELEASING = YES;
				CLANG_WARN_BOOL_CONVERSION = YES;
				CLANG_WARN_COMMA = YES;
				CLANG_WARN_CONSTANT_CONVERSION = YES;
				CLANG_WARN_DEPRECATED_OBJC_IMPLEMENTATIONS = YES;
				CLANG_WARN_DIRECT_OBJC_ISA_USAGE = YES_ERROR;
				CLANG_WARN_DOCUMENTATION_COMMENTS = YES;
				CLANG_WARN_EMPTY_BODY = YES;
				CLANG_WARN_ENUM_CONVERSION = YES;
				CLANG_WARN_INFINITE_RECURSION = YES;
				CLANG_WARN_INT_CONVERSION = YES;
				CLANG_WARN_NON_LITERAL_NULL_CONVERSION = YES;
				CLANG_WARN_OBJC_IMPLICIT_RETAIN_SELF = YES;
				CLANG_WARN_OBJC_LITERAL_CONVERSION = YES;
				CLANG_WARN_OBJC_ROOT_CLASS = YES_ERROR;
				CLANG_WARN_QUOTED_INCLUDE_IN_FRAMEWORK_HEADER = YES;
				CLANG_WARN_RANGE_LOOP_ANALYSIS = YES;
				CLANG_WARN_STRICT_PROTOTYPES = YES;
				CLANG_WARN_SUSPICIOUS_MOVE = YES;
				CLANG_WARN_UNGUARDED_AVAILABILITY = YES_AGGRESSIVE;
				CLANG_WARN_UNREACHABLE_CODE = YES;
				CLANG_WARN__DUPLICATE_METHOD_MATCH = YES;
				COPY_PHASE_STRIP = NO;
				DEBUG_INFORMATION_FORMAT = dwarf;
				ENABLE_STRICT_OBJC_MSGSEND = YES;
				ENABLE_TESTABILITY = YES;
				GCC_C_LANGUAGE_STANDARD = gnu11;
				GCC_DYNAMIC_NO_PIC = NO;
				GCC_NO_COMMON_BLOCKS = YES;
				GCC_OPTIMIZATION_LEVEL = 0;
				GCC_PREPROCESSOR_DEFINITIONS = (
					"DEBUG=1",
					"$(inherited)",
				);
				GCC_WARN_64_TO_32_BIT_CONVERSION = YES;
				GCC_WARN_ABOUT_RETURN_TYPE = YES_ERROR;
				GCC_WARN_UNDECLARED_SELECTOR = YES;
				GCC_WARN_UNINITIALIZED_AUTOS = YES_AGGRESSIVE;
				GCC_WARN_UNUSED_FUNCTION = YES;
				GCC_WARN_UNUSED_VARIABLE = YES;
				IPHONEOS_DEPLOYMENT_TARGET = 14.3;
				MTL_ENABLE_DEBUG_INFO = INCLUDE_SOURCE;
				MTL_FAST_MATH = YES;
				ONLY_ACTIVE_ARCH = YES;
				SDKROOT = iphoneos;
				SWIFT_ACTIVE_COMPILATION_CONDITIONS = DEBUG;
				SWIFT_OPTIMIZATION_LEVEL = "-Onone";
			};
			name = Debug;
		};
		6AE2C06526C053FA00E7B8AB /* Release */ = {
			isa = XCBuildConfiguration;
			buildSettings = {
				ALWAYS_SEARCH_USER_PATHS = NO;
				CLANG_ANALYZER_NONNULL = YES;
				CLANG_ANALYZER_NUMBER_OBJECT_CONVERSION = YES_AGGRESSIVE;
				CLANG_CXX_LANGUAGE_STANDARD = "gnu++14";
				CLANG_CXX_LIBRARY = "libc++";
				CLANG_ENABLE_MODULES = YES;
				CLANG_ENABLE_OBJC_ARC = YES;
				CLANG_ENABLE_OBJC_WEAK = YES;
				CLANG_WARN_BLOCK_CAPTURE_AUTORELEASING = YES;
				CLANG_WARN_BOOL_CONVERSION = YES;
				CLANG_WARN_COMMA = YES;
				CLANG_WARN_CONSTANT_CONVERSION = YES;
				CLANG_WARN_DEPRECATED_OBJC_IMPLEMENTATIONS = YES;
				CLANG_WARN_DIRECT_OBJC_ISA_USAGE = YES_ERROR;
				CLANG_WARN_DOCUMENTATION_COMMENTS = YES;
				CLANG_WARN_EMPTY_BODY = YES;
				CLANG_WARN_ENUM_CONVERSION = YES;
				CLANG_WARN_INFINITE_RECURSION = YES;
				CLANG_WARN_INT_CONVERSION = YES;
				CLANG_WARN_NON_LITERAL_NULL_CONVERSION = YES;
				CLANG_WARN_OBJC_IMPLICIT_RETAIN_SELF = YES;
				CLANG_WARN_OBJC_LITERAL_CONVERSION = YES;
				CLANG_WARN_OBJC_ROOT_CLASS = YES_ERROR;
				CLANG_WARN_QUOTED_INCLUDE_IN_FRAMEWORK_HEADER = YES;
				CLANG_WARN_RANGE_LOOP_ANALYSIS = YES;
				CLANG_WARN_STRICT_PROTOTYPES = YES;
				CLANG_WARN_SUSPICIOUS_MOVE = YES;
				CLANG_WARN_UNGUARDED_AVAILABILITY = YES_AGGRESSIVE;
				CLANG_WARN_UNREACHABLE_CODE = YES;
				CLANG_WARN__DUPLICATE_METHOD_MATCH = YES;
				COPY_PHASE_STRIP = NO;
				DEBUG_INFORMATION_FORMAT = "dwarf-with-dsym";
				ENABLE_NS_ASSERTIONS = NO;
				ENABLE_STRICT_OBJC_MSGSEND = YES;
				GCC_C_LANGUAGE_STANDARD = gnu11;
				GCC_NO_COMMON_BLOCKS = YES;
				GCC_WARN_64_TO_32_BIT_CONVERSION = YES;
				GCC_WARN_ABOUT_RETURN_TYPE = YES_ERROR;
				GCC_WARN_UNDECLARED_SELECTOR = YES;
				GCC_WARN_UNINITIALIZED_AUTOS = YES_AGGRESSIVE;
				GCC_WARN_UNUSED_FUNCTION = YES;
				GCC_WARN_UNUSED_VARIABLE = YES;
				IPHONEOS_DEPLOYMENT_TARGET = 14.3;
				MTL_ENABLE_DEBUG_INFO = NO;
				MTL_FAST_MATH = YES;
				SDKROOT = iphoneos;
				SWIFT_COMPILATION_MODE = wholemodule;
				SWIFT_OPTIMIZATION_LEVEL = "-O";
				VALIDATE_PRODUCT = YES;
			};
			name = Release;
		};
		6AE2C06726C053FA00E7B8AB /* Debug */ = {
			isa = XCBuildConfiguration;
			buildSettings = {
				ASSETCATALOG_COMPILER_APPICON_NAME = AppIcon;
				ASSETCATALOG_COMPILER_GLOBAL_ACCENT_COLOR_NAME = AccentColor;
				CODE_SIGN_STYLE = Automatic;
				DEVELOPMENT_ASSET_PATHS = "\"SwiftifyWordPressDemo/Preview Content\"";
				DEVELOPMENT_TEAM = BEX3C2WCP7;
				ENABLE_PREVIEWS = YES;
				INFOPLIST_FILE = SwiftifyWordPressDemo/Info.plist;
				IPHONEOS_DEPLOYMENT_TARGET = 14.0;
				LD_RUNPATH_SEARCH_PATHS = (
					"$(inherited)",
					"@executable_path/Frameworks",
				);
				PRODUCT_BUNDLE_IDENTIFIER = com.kazi.framework.SwiftifyWordPressDemo;
				PRODUCT_NAME = "$(TARGET_NAME)";
				SWIFT_VERSION = 5.0;
				TARGETED_DEVICE_FAMILY = "1,2";
			};
			name = Debug;
		};
		6AE2C06826C053FA00E7B8AB /* Release */ = {
			isa = XCBuildConfiguration;
			buildSettings = {
				ASSETCATALOG_COMPILER_APPICON_NAME = AppIcon;
				ASSETCATALOG_COMPILER_GLOBAL_ACCENT_COLOR_NAME = AccentColor;
				CODE_SIGN_STYLE = Automatic;
				DEVELOPMENT_ASSET_PATHS = "\"SwiftifyWordPressDemo/Preview Content\"";
				DEVELOPMENT_TEAM = BEX3C2WCP7;
				ENABLE_PREVIEWS = YES;
				INFOPLIST_FILE = SwiftifyWordPressDemo/Info.plist;
				IPHONEOS_DEPLOYMENT_TARGET = 14.0;
				LD_RUNPATH_SEARCH_PATHS = (
					"$(inherited)",
					"@executable_path/Frameworks",
				);
				PRODUCT_BUNDLE_IDENTIFIER = com.kazi.framework.SwiftifyWordPressDemo;
				PRODUCT_NAME = "$(TARGET_NAME)";
				SWIFT_VERSION = 5.0;
				TARGETED_DEVICE_FAMILY = "1,2";
			};
			name = Release;
		};
/* End XCBuildConfiguration section */

/* Begin XCConfigurationList section */
		6AE2C05226C053F900E7B8AB /* Build configuration list for PBXProject "SwiftifyWordPressDemo" */ = {
			isa = XCConfigurationList;
			buildConfigurations = (
				6AE2C06426C053FA00E7B8AB /* Debug */,
				6AE2C06526C053FA00E7B8AB /* Release */,
			);
			defaultConfigurationIsVisible = 0;
			defaultConfigurationName = Release;
		};
		6AE2C06626C053FA00E7B8AB /* Build configuration list for PBXNativeTarget "SwiftifyWordPressDemo" */ = {
			isa = XCConfigurationList;
			buildConfigurations = (
				6AE2C06726C053FA00E7B8AB /* Debug */,
				6AE2C06826C053FA00E7B8AB /* Release */,
			);
			defaultConfigurationIsVisible = 0;
			defaultConfigurationName = Release;
		};
/* End XCConfigurationList section */

/* Begin XCSwiftPackageProductDependency section */
		371A51F527BFA9220066319C /* iOSPress */ = {
			isa = XCSwiftPackageProductDependency;
			productName = iOSPress;
		};
/* End XCSwiftPackageProductDependency section */
	};
	rootObject = 6AE2C04F26C053F900E7B8AB /* Project object */;
}
